
Microsoft Visual Studio Solution File, Format Version 12.00
# Visual Studio 15
VisualStudioVersion = 15.0.28010.2003
MinimumVisualStudioVersion = 10.0.40219.1
Project("{FAE04EC0-301F-11D3-BF4B-00C04F79EFBC}") = "SeptemberApp", "SeptemberApp\SeptemberApp.csproj", "{D804F637-1DDC-466C-8A7F-CABD2C162107}"
EndProject
Project("{FAE04EC0-301F-11D3-BF4B-00C04F79EFBC}") = "SeptemberApp.Tests", "SeptemberApp.Tests\SeptemberApp.Tests.csproj", "{D39CB7E2-EC99-4EDA-806D-48EC783C5C70}"
EndProject
Global
	GlobalSection(SolutionConfigurationPlatforms) = preSolution
		Debug|Any CPU = Debug|Any CPU
		Release|Any CPU = Release|Any CPU
	EndGlobalSection
	GlobalSection(ProjectConfigurationPlatforms) = postSolution
		{D804F637-1DDC-466C-8A7F-CABD2C162107}.Debug|Any CPU.ActiveCfg = Debug|Any CPU
		{D804F637-1DDC-466C-8A7F-CABD2C162107}.Debug|Any CPU.Build.0 = Debug|Any CPU
		{D804F637-1DDC-466C-8A7F-CABD2C162107}.Release|Any CPU.ActiveCfg = Release|Any CPU
		{D804F637-1DDC-466C-8A7F-CABD2C162107}.Release|Any CPU.Build.0 = Release|Any CPU
		{D39CB7E2-EC99-4EDA-806D-48EC783C5C70}.Debug|Any CPU.ActiveCfg = Debug|Any CPU
		{D39CB7E2-EC99-4EDA-806D-48EC783C5C70}.Debug|Any CPU.Build.0 = Debug|Any CPU
		{D39CB7E2-EC99-4EDA-806D-48EC783C5C70}.Release|Any CPU.ActiveCfg = Release|Any CPU
		{D39CB7E2-EC99-4EDA-806D-48EC783C5C70}.Release|Any CPU.Build.0 = Release|Any CPU
	EndGlobalSection
	GlobalSection(SolutionProperties) = preSolution
		HideSolutionNode = FALSE
	EndGlobalSection
	GlobalSection(ExtensibilityGlobals) = postSolution
		SolutionGuid = {A1B4BDD8-52BC-48EC-A7F0-5239535753A5}
	EndGlobalSection
EndGlobal
